$ANSIBLE_VAULT;1.1;AES256
37313033616137646639646361666236396664386262356134353939643862336362666465356662
3863623163306233633632333833336265346437363132630a363937636338346537613962356664
34313063663732396634643236373736323866326338656364626234303332326465643938343336
6263336437396561350a326462663763343132313737656532373363386234383763636432376261
34623833616536313838303231323632636666643836306365386134353437646364
